
Microsoft Visual Studio Solution File, Format Version 11.00
# Visual Studio 2010
Project("{FAE04EC0-301F-11D3-BF4B-00C04F79EFBC}") = "FantasyScape", "FantasyScape\FantasyScape.csproj", "{57B58ACA-44FE-47E5-9CE6-1AD034E7942F}"
EndProject
Project("{FAE04EC0-301F-11D3-BF4B-00C04F79EFBC}") = "FantasyScapeClient", "FantasyScapeClient\FantasyScapeClient.csproj", "{9647957C-A579-4E16-9671-E77069FD5B54}"
EndProject
Project("{FAE04EC0-301F-11D3-BF4B-00C04F79EFBC}") = "FantasyScapeServer", "FantasyScapeServer\FantasyScapeServer.csproj", "{9829064A-877E-4A28-8719-66700F53548B}"
EndProject
Global
	GlobalSection(SolutionConfigurationPlatforms) = preSolution
		Debug|Any CPU = Debug|Any CPU
		Release|Any CPU = Release|Any CPU
	EndGlobalSection
	GlobalSection(ProjectConfigurationPlatforms) = postSolution
		{57B58ACA-44FE-47E5-9CE6-1AD034E7942F}.Debug|Any CPU.ActiveCfg = Debug|Any CPU
		{57B58ACA-44FE-47E5-9CE6-1AD034E7942F}.Debug|Any CPU.Build.0 = Debug|Any CPU
		{57B58ACA-44FE-47E5-9CE6-1AD034E7942F}.Release|Any CPU.ActiveCfg = Release|Any CPU
		{57B58ACA-44FE-47E5-9CE6-1AD034E7942F}.Release|Any CPU.Build.0 = Release|Any CPU
		{9647957C-A579-4E16-9671-E77069FD5B54}.Debug|Any CPU.ActiveCfg = Debug|Any CPU
		{9647957C-A579-4E16-9671-E77069FD5B54}.Debug|Any CPU.Build.0 = Debug|Any CPU
		{9647957C-A579-4E16-9671-E77069FD5B54}.Release|Any CPU.ActiveCfg = Release|Any CPU
		{9647957C-A579-4E16-9671-E77069FD5B54}.Release|Any CPU.Build.0 = Release|Any CPU
		{9829064A-877E-4A28-8719-66700F53548B}.Debug|Any CPU.ActiveCfg = Debug|Any CPU
		{9829064A-877E-4A28-8719-66700F53548B}.Debug|Any CPU.Build.0 = Debug|Any CPU
		{9829064A-877E-4A28-8719-66700F53548B}.Release|Any CPU.ActiveCfg = Release|Any CPU
		{9829064A-877E-4A28-8719-66700F53548B}.Release|Any CPU.Build.0 = Release|Any CPU
	EndGlobalSection
	GlobalSection(SolutionProperties) = preSolution
		HideSolutionNode = FALSE
	EndGlobalSection
EndGlobal
